// !$*UTF8*$!
{
	archiveVersion = 1;
	classes = {
	};
	objectVersion = 46;
	objects = {

/* Begin PBXBuildFile section */
		C4B4A4B51EC4C64F00043B2B /* AppDelegate.swift in Sources */ = {isa = PBXBuildFile; fileRef = C4B4A4B41EC4C64F00043B2B /* AppDelegate.swift */; };
		C4B4A4B71EC4C64F00043B2B /* ViewController.swift in Sources */ = {isa = PBXBuildFile; fileRef = C4B4A4B61EC4C64F00043B2B /* ViewController.swift */; };
		C4B4A4B91EC4C64F00043B2B /* Assets.xcassets in Resources */ = {isa = PBXBuildFile; fileRef = C4B4A4B81EC4C64F00043B2B /* Assets.xcassets */; };
		C4B4A4BC1EC4C64F00043B2B /* Main.storyboard in Resources */ = {isa = PBXBuildFile; fileRef = C4B4A4BA1EC4C64F00043B2B /* Main.storyboard */; };
		C4B4A4C41EC4D2B800043B2B /* phpinfo.php in Resources */ = {isa = PBXBuildFile; fileRef = C4B4A4C31EC4D2B800043B2B /* phpinfo.php */; };
		C4B4A4C61EC4DA2100043B2B /* Macaw.swift in Sources */ = {isa = PBXBuildFile; fileRef = C4B4A4C51EC4DA2100043B2B /* Macaw.swift */; };
/* End PBXBuildFile section */

/* Begin PBXFileReference section */
		C4B4A4B11EC4C64F00043B2B /* phpRunner.app */ = {isa = PBXFileReference; explicitFileType = wrapper.application; includeInIndex = 0; path = phpRunner.app; sourceTree = BUILT_PRODUCTS_DIR; };
		C4B4A4B41EC4C64F00043B2B /* AppDelegate.swift */ = {isa = PBXFileReference; lastKnownFileType = sourcecode.swift; path = AppDelegate.swift; sourceTree = "<group>"; };
		C4B4A4B61EC4C64F00043B2B /* ViewController.swift */ = {isa = PBXFileReference; lastKnownFileType = sourcecode.swift; path = ViewController.swift; sourceTree = "<group>"; };
		C4B4A4B81EC4C64F00043B2B /* Assets.xcassets */ = {isa = PBXFileReference; lastKnownFileType = folder.assetcatalog; path = Assets.xcassets; sourceTree = "<group>"; };
		C4B4A4BB1EC4C64F00043B2B /* Base */ = {isa = PBXFileReference; lastKnownFileType = file.storyboard; name = Base; path = Base.lproj/Main.storyboard; sourceTree = "<group>"; };
		C4B4A4BD1EC4C64F00043B2B /* Info.plist */ = {isa = PBXFileReference; lastKnownFileType = text.plist.xml; path = Info.plist; sourceTree = "<group>"; };
		C4B4A4C31EC4D2B800043B2B /* phpinfo.php */ = {isa = PBXFileReference; fileEncoding = 4; lastKnownFileType = text.script.php; path = phpinfo.php; sourceTree = "<group>"; };
		C4B4A4C51EC4DA2100043B2B /* Macaw.swift */ = {isa = PBXFileReference; fileEncoding = 4; lastKnownFileType = sourcecode.swift; path = Macaw.swift; sourceTree = "<group>"; };
/* End PBXFileReference section */

/* Begin PBXFrameworksBuildPhase section */
		C4B4A4AE1EC4C64F00043B2B /* Frameworks */ = {
			isa = PBXFrameworksBuildPhase;
			buildActionMask = 2147483647;
			files = (
			);
			runOnlyForDeploymentPostprocessing = 0;
		};
/* End PBXFrameworksBuildPhase section */

/* Begin PBXGroup section */
		C4B4A4A81EC4C64F00043B2B = {
			isa = PBXGroup;
			children = (
				C4B4A4B31EC4C64F00043B2B /* phpRunner */,
				C4B4A4B21EC4C64F00043B2B /* Products */,
			);
			sourceTree = "<group>";
		};
		C4B4A4B21EC4C64F00043B2B /* Products */ = {
			isa = PBXGroup;
			children = (
				C4B4A4B11EC4C64F00043B2B /* phpRunner.app */,
			);
			name = Products;
			sourceTree = "<group>";
		};
		C4B4A4B31EC4C64F00043B2B /* phpRunner */ = {
			isa = PBXGroup;
			children = (
				C4B4A4B41EC4C64F00043B2B /* AppDelegate.swift */,
				C4B4A4C51EC4DA2100043B2B /* Macaw.swift */,
				C4B4A4B61EC4C64F00043B2B /* ViewController.swift */,
				C4B4A4B81EC4C64F00043B2B /* Assets.xcassets */,
				C4B4A4BA1EC4C64F00043B2B /* Main.storyboard */,
				C4B4A4BD1EC4C64F00043B2B /* Info.plist */,
				C4B4A4C31EC4D2B800043B2B /* phpinfo.php */,
			);
			path = phpRunner;
			sourceTree = "<group>";
		};
/* End PBXGroup section */

/* Begin PBXNativeTarget section */
		C4B4A4B01EC4C64F00043B2B /* phpRunner */ = {
			isa = PBXNativeTarget;
			buildConfigurationList = C4B4A4C01EC4C64F00043B2B /* Build configuration list for PBXNativeTarget "phpRunner" */;
			buildPhases = (
				C4B4A4AD1EC4C64F00043B2B /* Sources */,
				C4B4A4AE1EC4C64F00043B2B /* Frameworks */,
				C4B4A4AF1EC4C64F00043B2B /* Resources */,
			);
			buildRules = (
			);
			dependencies = (
			);
			name = phpRunner;
			productName = phpRunner;
			productReference = C4B4A4B11EC4C64F00043B2B /* phpRunner.app */;
			productType = "com.apple.product-type.application";
		};
/* End PBXNativeTarget section */

/* Begin PBXProject section */
		C4B4A4A91EC4C64F00043B2B /* Project object */ = {
			isa = PBXProject;
			attributes = {
				LastSwiftUpdateCheck = 0830;
				LastUpgradeCheck = 0830;
				ORGANIZATIONNAME = "Clipper Vacations";
				TargetAttributes = {
					C4B4A4B01EC4C64F00043B2B = {
						CreatedOnToolsVersion = 8.3.2;
						ProvisioningStyle = Automatic;
					};
				};
			};
			buildConfigurationList = C4B4A4AC1EC4C64F00043B2B /* Build configuration list for PBXProject "phpRunner" */;
			compatibilityVersion = "Xcode 3.2";
			developmentRegion = English;
			hasScannedForEncodings = 0;
			knownRegions = (
				en,
				Base,
			);
			mainGroup = C4B4A4A81EC4C64F00043B2B;
			productRefGroup = C4B4A4B21EC4C64F00043B2B /* Products */;
			projectDirPath = "";
			projectRoot = "";
			targets = (
				C4B4A4B01EC4C64F00043B2B /* phpRunner */,
			);
		};
/* End PBXProject section */

/* Begin PBXResourcesBuildPhase section */
		C4B4A4AF1EC4C64F00043B2B /* Resources */ = {
			isa = PBXResourcesBuildPhase;
			buildActionMask = 2147483647;
			files = (
				C4B4A4B91EC4C64F00043B2B /* Assets.xcassets in Resources */,
				C4B4A4BC1EC4C64F00043B2B /* Main.storyboard in Resources */,
				C4B4A4C41EC4D2B800043B2B /* phpinfo.php in Resources */,
			);
			runOnlyForDeploymentPostprocessing = 0;
		};
/* End PBXResourcesBuildPhase section */

/* Begin PBXSourcesBuildPhase section */
		C4B4A4AD1EC4C64F00043B2B /* Sources */ = {
			isa = PBXSourcesBuildPhase;
			buildActionMask = 2147483647;
			files = (
				C4B4A4C61EC4DA2100043B2B /* Macaw.swift in Sources */,
				C4B4A4B71EC4C64F00043B2B /* ViewController.swift in Sources */,
				C4B4A4B51EC4C64F00043B2B /* AppDelegate.swift in Sources */,
			);
			runOnlyForDeploymentPostprocessing = 0;
		};
/* End PBXSourcesBuildPhase section */

/* Begin PBXVariantGroup section */
		C4B4A4BA1EC4C64F00043B2B /* Main.storyboard */ = {
			isa = PBXVariantGroup;
			children = (
				C4B4A4BB1EC4C64F00043B2B /* Base */,
			);
			name = Main.storyboard;
			sourceTree = "<group>";
		};
/* End PBXVariantGroup section */

/* Begin XCBuildConfiguration section */
		C4B4A4BE1EC4C64F00043B2B /* Debug */ = {
			isa = XCBuildConfiguration;
			buildSettings = {
				ALWAYS_SEARCH_USER_PATHS = NO;
				CLANG_ANALYZER_NONNULL = YES;
				CLANG_ANALYZER_NUMBER_OBJECT_CONVERSION = YES_AGGRESSIVE;
				CLANG_CXX_LANGUAGE_STANDARD = "gnu++0x";
				CLANG_CXX_LIBRARY = "libc++";
				CLANG_ENABLE_MODULES = YES;
				CLANG_ENABLE_OBJC_ARC = YES;
				CLANG_WARN_BOOL_CONVERSION = YES;
				CLANG_WARN_CONSTANT_CONVERSION = YES;
				CLANG_WARN_DIRECT_OBJC_ISA_USAGE = YES_ERROR;
				CLANG_WARN_DOCUMENTATION_COMMENTS = YES;
				CLANG_WARN_EMPTY_BODY = YES;
				CLANG_WARN_ENUM_CONVERSION = YES;
				CLANG_WARN_INFINITE_RECURSION = YES;
				CLANG_WARN_INT_CONVERSION = YES;
				CLANG_WARN_OBJC_ROOT_CLASS = YES_ERROR;
				CLANG_WARN_SUSPICIOUS_MOVE = YES;
				CLANG_WARN_UNREACHABLE_CODE = YES;
				CLANG_WARN__DUPLICATE_METHOD_MATCH = YES;
				CODE_SIGN_IDENTITY = "-";
				COPY_PHASE_STRIP = NO;
				DEBUG_INFORMATION_FORMAT = dwarf;
				ENABLE_STRICT_OBJC_MSGSEND = YES;
				ENABLE_TESTABILITY = YES;
				GCC_C_LANGUAGE_STANDARD = gnu99;
				GCC_DYNAMIC_NO_PIC = NO;
				GCC_NO_COMMON_BLOCKS = YES;
				GCC_OPTIMIZATION_LEVEL = 0;
				GCC_PREPROCESSOR_DEFINITIONS = (
					"DEBUG=1",
					"$(inherited)",
				);
				GCC_WARN_64_TO_32_BIT_CONVERSION = YES;
				GCC_WARN_ABOUT_RETURN_TYPE = YES_ERROR;
				GCC_WARN_UNDECLARED_SELECTOR = YES;
				GCC_WARN_UNINITIALIZED_AUTOS = YES_AGGRESSIVE;
				GCC_WARN_UNUSED_FUNCTION = YES;
				GCC_WARN_UNUSED_VARIABLE = YES;
				MACOSX_DEPLOYMENT_TARGET = 10.12;
				MTL_ENABLE_DEBUG_INFO = YES;
				ONLY_ACTIVE_ARCH = YES;
				SDKROOT = macosx;
				SWIFT_ACTIVE_COMPILATION_CONDITIONS = DEBUG;
				SWIFT_OPTIMIZATION_LEVEL = "-Onone";
			};
			name = Debug;
		};
		C4B4A4BF1EC4C64F00043B2B /* Release */ = {
			isa = XCBuildConfiguration;
			buildSettings = {
				ALWAYS_SEARCH_USER_PATHS = NO;
				CLANG_ANALYZER_NONNULL = YES;
				CLANG_ANALYZER_NUMBER_OBJECT_CONVERSION = YES_AGGRESSIVE;
				CLANG_CXX_LANGUAGE_STANDARD = "gnu++0x";
				CLANG_CXX_LIBRARY = "libc++";
				CLANG_ENABLE_MODULES = YES;
				CLANG_ENABLE_OBJC_ARC = YES;
				CLANG_WARN_BOOL_CONVERSION = YES;
				CLANG_WARN_CONSTANT_CONVERSION = YES;
				CLANG_WARN_DIRECT_OBJC_ISA_USAGE = YES_ERROR;
				CLANG_WARN_DOCUMENTATION_COMMENTS = YES;
				CLANG_WARN_EMPTY_BODY = YES;
				CLANG_WARN_ENUM_CONVERSION = YES;
				CLANG_WARN_INFINITE_RECURSION = YES;
				CLANG_WARN_INT_CONVERSION = YES;
				CLANG_WARN_OBJC_ROOT_CLASS = YES_ERROR;
				CLANG_WARN_SUSPICIOUS_MOVE = YES;
				CLANG_WARN_UNREACHABLE_CODE = YES;
				CLANG_WARN__DUPLICATE_METHOD_MATCH = YES;
				CODE_SIGN_IDENTITY = "-";
				COPY_PHASE_STRIP = NO;
				DEBUG_INFORMATION_FORMAT = "dwarf-with-dsym";
				ENABLE_NS_ASSERTIONS = NO;
				ENABLE_STRICT_OBJC_MSGSEND = YES;
				GCC_C_LANGUAGE_STANDARD = gnu99;
				GCC_NO_COMMON_BLOCKS = YES;
				GCC_WARN_64_TO_32_BIT_CONVERSION = YES;
				GCC_WARN_ABOUT_RETURN_TYPE = YES_ERROR;
				GCC_WARN_UNDECLARED_SELECTOR = YES;
				GCC_WARN_UNINITIALIZED_AUTOS = YES_AGGRESSIVE;
				GCC_WARN_UNUSED_FUNCTION = YES;
				GCC_WARN_UNUSED_VARIABLE = YES;
				MACOSX_DEPLOYMENT_TARGET = 10.12;
				MTL_ENABLE_DEBUG_INFO = NO;
				SDKROOT = macosx;
				SWIFT_OPTIMIZATION_LEVEL = "-Owholemodule";
			};
			name = Release;
		};
		C4B4A4C11EC4C64F00043B2B /* Debug */ = {
			isa = XCBuildConfiguration;
			buildSettings = {
				ASSETCATALOG_COMPILER_APPICON_NAME = AppIcon;
				COMBINE_HIDPI_IMAGES = YES;
				INFOPLIST_FILE = phpRunner/Info.plist;
				LD_RUNPATH_SEARCH_PATHS = "$(inherited) @executable_path/../Frameworks";
				PRODUCT_BUNDLE_IDENTIFIER = com.clippervacations.phpRunner;
				PRODUCT_NAME = "$(TARGET_NAME)";
				SWIFT_VERSION = 3.0;
			};
			name = Debug;
		};
		C4B4A4C21EC4C64F00043B2B /* Release */ = {
			isa = XCBuildConfiguration;
			buildSettings = {
				ASSETCATALOG_COMPILER_APPICON_NAME = AppIcon;
				COMBINE_HIDPI_IMAGES = YES;
				INFOPLIST_FILE = phpRunner/Info.plist;
				LD_RUNPATH_SEARCH_PATHS = "$(inherited) @executable_path/../Frameworks";
				PRODUCT_BUNDLE_IDENTIFIER = com.clippervacations.phpRunner;
				PRODUCT_NAME = "$(TARGET_NAME)";
				SWIFT_VERSION = 3.0;
			};
			name = Release;
		};
/* End XCBuildConfiguration section */

/* Begin XCConfigurationList section */
		C4B4A4AC1EC4C64F00043B2B /* Build configuration list for PBXProject "phpRunner" */ = {
			isa = XCConfigurationList;
			buildConfigurations = (
				C4B4A4BE1EC4C64F00043B2B /* Debug */,
				C4B4A4BF1EC4C64F00043B2B /* Release */,
			);
			defaultConfigurationIsVisible = 0;
			defaultConfigurationName = Release;
		};
		C4B4A4C01EC4C64F00043B2B /* Build configuration list for PBXNativeTarget "phpRunner" */ = {
			isa = XCConfigurationList;
			buildConfigurations = (
				C4B4A4C11EC4C64F00043B2B /* Debug */,
				C4B4A4C21EC4C64F00043B2B /* Release */,
			);
			defaultConfigurationIsVisible = 0;
		};
/* End XCConfigurationList section */
	};
	rootObject = C4B4A4A91EC4C64F00043B2B /* Project object */;
}
